# Generated by pub
# See http://pub.dartlang.org/doc/glossary.html#lockfile
packages:
  path:
    description: path
    source: hosted
    version: "1.3.5"
  stack_trace:
    description: stack_trace
    source: hosted
    version: "1.3.2"
  unittest:
    description: unittest
    source: hosted
    version: "0.11.6+1"
